
Microsoft Visual Studio Solution File, Format Version 12.00
# Visual Studio 2012
Project("{FAE04EC0-301F-11D3-BF4B-00C04F79EFBC}") = "Sprite", "Sprite\Sprite.csproj", "{3A173541-F01E-4F43-A071-2332F5C8D44A}"
EndProject
Project("{FAE04EC0-301F-11D3-BF4B-00C04F79EFBC}") = "GameIntegrationTesting", "Testing\Testing\GameIntegrationTesting.csproj", "{41D87347-CDE7-441B-8538-F9CD73CBFE3B}"
EndProject
Project("{FAE04EC0-301F-11D3-BF4B-00C04F79EFBC}") = "GameIntegrationTestingContent", "Testing\TestingContent\GameIntegrationTestingContent.contentproj", "{B7E6ADB0-6D3A-4256-924A-C4AEEC2804C2}"
EndProject
Project("{FAE04EC0-301F-11D3-BF4B-00C04F79EFBC}") = "Utility", "Utility\Utility.csproj", "{70D65399-7402-47F2-BF03-230CC6A40DFE}"
EndProject
Project("{FAE04EC0-301F-11D3-BF4B-00C04F79EFBC}") = "Global", "Global\Global.csproj", "{8AC1EE0D-59A4-4055-BF73-C4A16311100F}"
EndProject
Project("{FAE04EC0-301F-11D3-BF4B-00C04F79EFBC}") = "InputDemo", "Examples\Examples\InputDemo.csproj", "{2C20130E-E152-42F3-BC2F-E31D14F2D56D}"
EndProject
Project("{FAE04EC0-301F-11D3-BF4B-00C04F79EFBC}") = "InputDemoContent", "Examples\ExamplesContent\InputDemoContent.contentproj", "{9B4C2A39-00FF-4418-AC5A-02A1D7344C75}"
EndProject
Project("{2150E333-8FDC-42A3-9474-1A3956D46DE8}") = "Demos", "Demos", "{B8F0F10C-79AF-4EF3-9112-62215B94874E}"
EndProject
Global
	GlobalSection(SolutionConfigurationPlatforms) = preSolution
		Debug|Any CPU = Debug|Any CPU
		Debug|Mixed Platforms = Debug|Mixed Platforms
		Debug|x86 = Debug|x86
		Release|Any CPU = Release|Any CPU
		Release|Mixed Platforms = Release|Mixed Platforms
		Release|x86 = Release|x86
	EndGlobalSection
	GlobalSection(ProjectConfigurationPlatforms) = postSolution
		{3A173541-F01E-4F43-A071-2332F5C8D44A}.Debug|Any CPU.ActiveCfg = Debug|x86
		{3A173541-F01E-4F43-A071-2332F5C8D44A}.Debug|Mixed Platforms.ActiveCfg = Debug|x86
		{3A173541-F01E-4F43-A071-2332F5C8D44A}.Debug|Mixed Platforms.Build.0 = Debug|x86
		{3A173541-F01E-4F43-A071-2332F5C8D44A}.Debug|x86.ActiveCfg = Debug|x86
		{3A173541-F01E-4F43-A071-2332F5C8D44A}.Debug|x86.Build.0 = Debug|x86
		{3A173541-F01E-4F43-A071-2332F5C8D44A}.Release|Any CPU.ActiveCfg = Release|x86
		{3A173541-F01E-4F43-A071-2332F5C8D44A}.Release|Mixed Platforms.ActiveCfg = Release|x86
		{3A173541-F01E-4F43-A071-2332F5C8D44A}.Release|Mixed Platforms.Build.0 = Release|x86
		{3A173541-F01E-4F43-A071-2332F5C8D44A}.Release|x86.ActiveCfg = Release|x86
		{3A173541-F01E-4F43-A071-2332F5C8D44A}.Release|x86.Build.0 = Release|x86
		{41D87347-CDE7-441B-8538-F9CD73CBFE3B}.Debug|Any CPU.ActiveCfg = Debug|x86
		{41D87347-CDE7-441B-8538-F9CD73CBFE3B}.Debug|Mixed Platforms.ActiveCfg = Debug|x86
		{41D87347-CDE7-441B-8538-F9CD73CBFE3B}.Debug|Mixed Platforms.Build.0 = Debug|x86
		{41D87347-CDE7-441B-8538-F9CD73CBFE3B}.Debug|x86.ActiveCfg = Debug|x86
		{41D87347-CDE7-441B-8538-F9CD73CBFE3B}.Debug|x86.Build.0 = Debug|x86
		{41D87347-CDE7-441B-8538-F9CD73CBFE3B}.Release|Any CPU.ActiveCfg = Release|x86
		{41D87347-CDE7-441B-8538-F9CD73CBFE3B}.Release|Mixed Platforms.ActiveCfg = Release|x86
		{41D87347-CDE7-441B-8538-F9CD73CBFE3B}.Release|Mixed Platforms.Build.0 = Release|x86
		{41D87347-CDE7-441B-8538-F9CD73CBFE3B}.Release|x86.ActiveCfg = Release|x86
		{41D87347-CDE7-441B-8538-F9CD73CBFE3B}.Release|x86.Build.0 = Release|x86
		{B7E6ADB0-6D3A-4256-924A-C4AEEC2804C2}.Debug|Any CPU.ActiveCfg = Debug|x86
		{B7E6ADB0-6D3A-4256-924A-C4AEEC2804C2}.Debug|Mixed Platforms.ActiveCfg = Debug|x86
		{B7E6ADB0-6D3A-4256-924A-C4AEEC2804C2}.Debug|x86.ActiveCfg = Debug|x86
		{B7E6ADB0-6D3A-4256-924A-C4AEEC2804C2}.Release|Any CPU.ActiveCfg = Release|x86
		{B7E6ADB0-6D3A-4256-924A-C4AEEC2804C2}.Release|Mixed Platforms.ActiveCfg = Release|x86
		{B7E6ADB0-6D3A-4256-924A-C4AEEC2804C2}.Release|x86.ActiveCfg = Release|x86
		{70D65399-7402-47F2-BF03-230CC6A40DFE}.Debug|Any CPU.ActiveCfg = Debug|Any CPU
		{70D65399-7402-47F2-BF03-230CC6A40DFE}.Debug|Any CPU.Build.0 = Debug|Any CPU
		{70D65399-7402-47F2-BF03-230CC6A40DFE}.Debug|Mixed Platforms.ActiveCfg = Debug|Any CPU
		{70D65399-7402-47F2-BF03-230CC6A40DFE}.Debug|Mixed Platforms.Build.0 = Debug|Any CPU
		{70D65399-7402-47F2-BF03-230CC6A40DFE}.Debug|x86.ActiveCfg = Debug|Any CPU
		{70D65399-7402-47F2-BF03-230CC6A40DFE}.Release|Any CPU.ActiveCfg = Release|Any CPU
		{70D65399-7402-47F2-BF03-230CC6A40DFE}.Release|Any CPU.Build.0 = Release|Any CPU
		{70D65399-7402-47F2-BF03-230CC6A40DFE}.Release|Mixed Platforms.ActiveCfg = Release|Any CPU
		{70D65399-7402-47F2-BF03-230CC6A40DFE}.Release|Mixed Platforms.Build.0 = Release|Any CPU
		{70D65399-7402-47F2-BF03-230CC6A40DFE}.Release|x86.ActiveCfg = Release|Any CPU
		{8AC1EE0D-59A4-4055-BF73-C4A16311100F}.Debug|Any CPU.ActiveCfg = Debug|Any CPU
		{8AC1EE0D-59A4-4055-BF73-C4A16311100F}.Debug|Any CPU.Build.0 = Debug|Any CPU
		{8AC1EE0D-59A4-4055-BF73-C4A16311100F}.Debug|Mixed Platforms.ActiveCfg = Debug|Any CPU
		{8AC1EE0D-59A4-4055-BF73-C4A16311100F}.Debug|Mixed Platforms.Build.0 = Debug|Any CPU
		{8AC1EE0D-59A4-4055-BF73-C4A16311100F}.Debug|x86.ActiveCfg = Debug|Any CPU
		{8AC1EE0D-59A4-4055-BF73-C4A16311100F}.Release|Any CPU.ActiveCfg = Release|Any CPU
		{8AC1EE0D-59A4-4055-BF73-C4A16311100F}.Release|Any CPU.Build.0 = Release|Any CPU
		{8AC1EE0D-59A4-4055-BF73-C4A16311100F}.Release|Mixed Platforms.ActiveCfg = Release|Any CPU
		{8AC1EE0D-59A4-4055-BF73-C4A16311100F}.Release|Mixed Platforms.Build.0 = Release|Any CPU
		{8AC1EE0D-59A4-4055-BF73-C4A16311100F}.Release|x86.ActiveCfg = Release|Any CPU
		{2C20130E-E152-42F3-BC2F-E31D14F2D56D}.Debug|Any CPU.ActiveCfg = Debug|x86
		{2C20130E-E152-42F3-BC2F-E31D14F2D56D}.Debug|Mixed Platforms.ActiveCfg = Debug|x86
		{2C20130E-E152-42F3-BC2F-E31D14F2D56D}.Debug|Mixed Platforms.Build.0 = Debug|x86
		{2C20130E-E152-42F3-BC2F-E31D14F2D56D}.Debug|x86.ActiveCfg = Debug|x86
		{2C20130E-E152-42F3-BC2F-E31D14F2D56D}.Debug|x86.Build.0 = Debug|x86
		{2C20130E-E152-42F3-BC2F-E31D14F2D56D}.Release|Any CPU.ActiveCfg = Release|x86
		{2C20130E-E152-42F3-BC2F-E31D14F2D56D}.Release|Mixed Platforms.ActiveCfg = Release|x86
		{2C20130E-E152-42F3-BC2F-E31D14F2D56D}.Release|Mixed Platforms.Build.0 = Release|x86
		{2C20130E-E152-42F3-BC2F-E31D14F2D56D}.Release|x86.ActiveCfg = Release|x86
		{2C20130E-E152-42F3-BC2F-E31D14F2D56D}.Release|x86.Build.0 = Release|x86
		{9B4C2A39-00FF-4418-AC5A-02A1D7344C75}.Debug|Any CPU.ActiveCfg = Debug|x86
		{9B4C2A39-00FF-4418-AC5A-02A1D7344C75}.Debug|Mixed Platforms.ActiveCfg = Debug|x86
		{9B4C2A39-00FF-4418-AC5A-02A1D7344C75}.Debug|x86.ActiveCfg = Debug|x86
		{9B4C2A39-00FF-4418-AC5A-02A1D7344C75}.Release|Any CPU.ActiveCfg = Release|x86
		{9B4C2A39-00FF-4418-AC5A-02A1D7344C75}.Release|Mixed Platforms.ActiveCfg = Release|x86
		{9B4C2A39-00FF-4418-AC5A-02A1D7344C75}.Release|x86.ActiveCfg = Release|x86
	EndGlobalSection
	GlobalSection(SolutionProperties) = preSolution
		HideSolutionNode = FALSE
	EndGlobalSection
	GlobalSection(NestedProjects) = preSolution
		{2C20130E-E152-42F3-BC2F-E31D14F2D56D} = {B8F0F10C-79AF-4EF3-9112-62215B94874E}
		{9B4C2A39-00FF-4418-AC5A-02A1D7344C75} = {B8F0F10C-79AF-4EF3-9112-62215B94874E}
	EndGlobalSection
EndGlobal
